
Microsoft Visual Studio Solution File, Format Version 12.00
# Visual Studio 15
VisualStudioVersion = 15.0.27004.2009
MinimumVisualStudioVersion = 10.0.40219.1
Project("{9A19103F-16F7-4668-BE54-9A1E7A4F7556}") = "MewriickTrader.Core", "src\MewriickTrader.Core\MewriickTrader.Core.csproj", "{45009F32-4300-41EF-B0D0-5470A2B3A1DE}"
EndProject
Project("{9A19103F-16F7-4668-BE54-9A1E7A4F7556}") = "MewriickTrader.Analysis", "src\MewriickTrader.CandlestickPatterns\MewriickTrader.Analysis.csproj", "{DA7C7742-D377-400B-AEDB-78A251244388}"
EndProject
Project("{2150E333-8FDC-42A3-9474-1A3956D46DE8}") = "src", "src", "{247DE096-194E-4C68-9C8A-FD82D9A44C9D}"
EndProject
Project("{2150E333-8FDC-42A3-9474-1A3956D46DE8}") = "Test", "Test", "{38A27D6A-C339-44F6-AD88-6BD149F3C630}"
EndProject
Project("{9A19103F-16F7-4668-BE54-9A1E7A4F7556}") = "CandlePattersTests", "test\CandlePattersTests\CandlePattersTests.csproj", "{51DCFAB5-4F6C-4A63-B81C-7414B13B07B9}"
EndProject
Global
	GlobalSection(SolutionConfigurationPlatforms) = preSolution
		Debug|Any CPU = Debug|Any CPU
		Release|Any CPU = Release|Any CPU
	EndGlobalSection
	GlobalSection(ProjectConfigurationPlatforms) = postSolution
		{45009F32-4300-41EF-B0D0-5470A2B3A1DE}.Debug|Any CPU.ActiveCfg = Debug|Any CPU
		{45009F32-4300-41EF-B0D0-5470A2B3A1DE}.Debug|Any CPU.Build.0 = Debug|Any CPU
		{45009F32-4300-41EF-B0D0-5470A2B3A1DE}.Release|Any CPU.ActiveCfg = Release|Any CPU
		{45009F32-4300-41EF-B0D0-5470A2B3A1DE}.Release|Any CPU.Build.0 = Release|Any CPU
		{DA7C7742-D377-400B-AEDB-78A251244388}.Debug|Any CPU.ActiveCfg = Debug|Any CPU
		{DA7C7742-D377-400B-AEDB-78A251244388}.Debug|Any CPU.Build.0 = Debug|Any CPU
		{DA7C7742-D377-400B-AEDB-78A251244388}.Release|Any CPU.ActiveCfg = Release|Any CPU
		{DA7C7742-D377-400B-AEDB-78A251244388}.Release|Any CPU.Build.0 = Release|Any CPU
		{51DCFAB5-4F6C-4A63-B81C-7414B13B07B9}.Debug|Any CPU.ActiveCfg = Debug|Any CPU
		{51DCFAB5-4F6C-4A63-B81C-7414B13B07B9}.Debug|Any CPU.Build.0 = Debug|Any CPU
		{51DCFAB5-4F6C-4A63-B81C-7414B13B07B9}.Release|Any CPU.ActiveCfg = Release|Any CPU
		{51DCFAB5-4F6C-4A63-B81C-7414B13B07B9}.Release|Any CPU.Build.0 = Release|Any CPU
	EndGlobalSection
	GlobalSection(SolutionProperties) = preSolution
		HideSolutionNode = FALSE
	EndGlobalSection
	GlobalSection(NestedProjects) = preSolution
		{45009F32-4300-41EF-B0D0-5470A2B3A1DE} = {247DE096-194E-4C68-9C8A-FD82D9A44C9D}
		{DA7C7742-D377-400B-AEDB-78A251244388} = {247DE096-194E-4C68-9C8A-FD82D9A44C9D}
		{51DCFAB5-4F6C-4A63-B81C-7414B13B07B9} = {38A27D6A-C339-44F6-AD88-6BD149F3C630}
	EndGlobalSection
	GlobalSection(ExtensibilityGlobals) = postSolution
		SolutionGuid = {55A415D0-2F4E-4772-8393-35262483B62C}
	EndGlobalSection
EndGlobal
